
Microsoft Visual Studio Solution File, Format Version 12.00
# Visual Studio Version 16
VisualStudioVersion = 16.0.31112.23
MinimumVisualStudioVersion = 10.0.40219.1
Project("{159641D6-6404-4A2A-AE62-294DE0FE8301}") = "DataLoading", "DataLoading.dtproj", "{24759C86-E958-466E-A121-1996CA0C830B}"
EndProject
Global
	GlobalSection(SolutionConfigurationPlatforms) = preSolution
		Development|Default = Development|Default
	EndGlobalSection
	GlobalSection(ProjectConfigurationPlatforms) = postSolution
		{24759C86-E958-466E-A121-1996CA0C830B}.Development|Default.ActiveCfg = Development
		{24759C86-E958-466E-A121-1996CA0C830B}.Development|Default.Build.0 = Development
	EndGlobalSection
	GlobalSection(SolutionProperties) = preSolution
		HideSolutionNode = FALSE
	EndGlobalSection
	GlobalSection(ExtensibilityGlobals) = postSolution
		SolutionGuid = {D4B68D43-3AB8-4E5D-A03B-A66781821554}
	EndGlobalSection
EndGlobal
